
Microsoft Visual Studio Solution File, Format Version 12.00
# Visual Studio Version 16
VisualStudioVersion = 16.0.809.2
MinimumVisualStudioVersion = 10.0.40219.1
Project("{FAE04EC0-301F-11D3-BF4B-00C04F79EFBC}") = "tanfel", "tanfel\tanfel.csproj", "{01CB2F80-E5F4-4DF4-899D-B3E76EF0E80C}"
EndProject
Global
	GlobalSection(SolutionConfigurationPlatforms) = preSolution
		Debug|anycpu = Debug|anycpu
		Release|anycpu = Release|anycpu
	EndGlobalSection
	GlobalSection(ProjectConfigurationPlatforms) = postSolution
		{01CB2F80-E5F4-4DF4-899D-B3E76EF0E80C}.Debug|anycpu.ActiveCfg = Debug|anycpu
		{01CB2F80-E5F4-4DF4-899D-B3E76EF0E80C}.Debug|anycpu.Build.0 = Debug|anycpu
		{01CB2F80-E5F4-4DF4-899D-B3E76EF0E80C}.Release|anycpu.ActiveCfg = Release|anycpu
		{01CB2F80-E5F4-4DF4-899D-B3E76EF0E80C}.Release|anycpu.Build.0 = Release|anycpu
	EndGlobalSection
	GlobalSection(SolutionProperties) = preSolution
		HideSolutionNode = FALSE
	EndGlobalSection
	GlobalSection(ExtensibilityGlobals) = postSolution
		SolutionGuid = {405668D1-89F6-4963-B5B1-51E6E4328E42}
	EndGlobalSection
EndGlobal
